
Microsoft Visual Studio Solution File, Format Version 10.00
# Visual Studio 2008
Project("{8BC9CEB8-8B4A-11D0-8D11-00A0C91BC942}") = "wbea", "wbea2008.vcproj", "{E4369C2C-8F50-4B35-A524-7B72D29D9C08}"
EndProject
Global
	GlobalSection(SolutionConfigurationPlatforms) = preSolution
		Debug|Win32 = Debug|Win32
		Release|Win32 = Release|Win32
	EndGlobalSection
	GlobalSection(ProjectConfigurationPlatforms) = postSolution
		{E4369C2C-8F50-4B35-A524-7B72D29D9C08}.Debug|Win32.ActiveCfg = Debug|Win32
		{E4369C2C-8F50-4B35-A524-7B72D29D9C08}.Debug|Win32.Build.0 = Debug|Win32
		{E4369C2C-8F50-4B35-A524-7B72D29D9C08}.Release|Win32.ActiveCfg = Release|Win32
		{E4369C2C-8F50-4B35-A524-7B72D29D9C08}.Release|Win32.Build.0 = Release|Win32
	EndGlobalSection
	GlobalSection(SolutionProperties) = preSolution
		HideSolutionNode = FALSE
	EndGlobalSection
EndGlobal
